
Microsoft Visual Studio Solution File, Format Version 12.00
# Visual Studio Version 17
VisualStudioVersion = 17.14.36414.22
MinimumVisualStudioVersion = 10.0.40219.1
Project("{2150E333-8FDC-42A3-9474-1A3956D46DE8}") = "Task0", "Task0", "{02EA681E-C7D8-13C7-8484-4AC65E1B71E8}"
EndProject
Project("{FAE04EC0-301F-11D3-BF4B-00C04F79EFBC}") = "Tyuiu.Kazhahmetov.Sprint5.Task0.V25", "Tyuiu.Kazhahmetov.Sprint5.Task0.V25\Tyuiu.Kazhahmetov.Sprint5.Task0.V25.csproj", "{EE4E0B95-98EB-47D6-88C6-019202CBCE9C}"
EndProject
Project("{FAE04EC0-301F-11D3-BF4B-00C04F79EFBC}") = "Tyuiu.Kazhahmetov.Sprint5.Task0.V25.Lib", "Tyuiu.Kazhahmetov.Sprint5.Task0.V25.Lib\Tyuiu.Kazhahmetov.Sprint5.Task0.V25.Lib.csproj", "{BC44D6B4-E510-49EA-B55B-B058895FA319}"
EndProject
Project("{FAE04EC0-301F-11D3-BF4B-00C04F79EFBC}") = "Tyuiu.Kazhahmetov.Sprint5.Task0.V25.Test", "Tyuiu.Kazhahmetov.Sprint5.Task0.V25.Test\Tyuiu.Kazhahmetov.Sprint5.Task0.V25.Test.csproj", "{D531C175-B556-4F38-BC02-001D5935731D}"
EndProject
Project("{2150E333-8FDC-42A3-9474-1A3956D46DE8}") = "Task1", "Task1", "{8C92DBD9-D3E1-46DC-862C-73B48D655F77}"
EndProject
Project("{FAE04EC0-301F-11D3-BF4B-00C04F79EFBC}") = "Tyuiu.Kazhahmetov.Sprint5.Task1.V16", "Tyuiu.Kazhahmetov.Sprint5.Task1.V16\Tyuiu.Kazhahmetov.Sprint5.Task1.V16.csproj", "{CEEE3418-48D7-4175-A901-74EB89875175}"
EndProject
Project("{FAE04EC0-301F-11D3-BF4B-00C04F79EFBC}") = "Tyuiu.Kazhahmetov.Sprint5.Task1.V16.Lib", "Tyuiu.Kazhahmetov.Sprint5.Task1.V16.Lib\Tyuiu.Kazhahmetov.Sprint5.Task1.V16.Lib.csproj", "{6E5722C0-8D29-4AC4-A881-D9D2A756389C}"
EndProject
Project("{FAE04EC0-301F-11D3-BF4B-00C04F79EFBC}") = "Tyuiu.Kazhahmetov.Sprint5.Task1.V16.Test", "Tyuiu.Kazhahmetov.Sprint5.Task1.V16.Test\Tyuiu.Kazhahmetov.Sprint5.Task1.V16.Test.csproj", "{B05C34DA-F1F0-496E-A56E-B9AEFFACF0C9}"
EndProject
Project("{2150E333-8FDC-42A3-9474-1A3956D46DE8}") = "Task2", "Task2", "{63311A9F-D717-4820-9C04-61DA04C9F16A}"
EndProject
Project("{FAE04EC0-301F-11D3-BF4B-00C04F79EFBC}") = "Tyuiu.Kazhahmetov.Sprint5.Task2.V5", "Tyuiu.Kazhahmetov.Sprint5.Task2.V5\Tyuiu.Kazhahmetov.Sprint5.Task2.V5.csproj", "{D1CD055E-3F17-42FA-8947-2F368E5DD528}"
EndProject
Project("{FAE04EC0-301F-11D3-BF4B-00C04F79EFBC}") = "Tyuiu.Kazhahmetov.Sprint5.Task2.V5.Lib", "Tyuiu.Kazhahmetov.Sprint5.Task2.V5.Lib\Tyuiu.Kazhahmetov.Sprint5.Task2.V5.Lib.csproj", "{6AD8AE99-48C9-4DBA-A4C6-EFB6D2A53BE8}"
EndProject
Project("{FAE04EC0-301F-11D3-BF4B-00C04F79EFBC}") = "Tyuiu.Kazhahmetov.Sprint5.Task2.V5.Test", "Tyuiu.Kazhahmetov.Sprint5.Task2.V5.Test\Tyuiu.Kazhahmetov.Sprint5.Task2.V5.Test.csproj", "{3EC39F43-FFF4-49AD-A994-4D6D34D0E1B8}"
EndProject
Global
	GlobalSection(SolutionConfigurationPlatforms) = preSolution
		Debug|Any CPU = Debug|Any CPU
		Release|Any CPU = Release|Any CPU
	EndGlobalSection
	GlobalSection(ProjectConfigurationPlatforms) = postSolution
		{EE4E0B95-98EB-47D6-88C6-019202CBCE9C}.Debug|Any CPU.ActiveCfg = Debug|Any CPU
		{EE4E0B95-98EB-47D6-88C6-019202CBCE9C}.Debug|Any CPU.Build.0 = Debug|Any CPU
		{EE4E0B95-98EB-47D6-88C6-019202CBCE9C}.Release|Any CPU.ActiveCfg = Release|Any CPU
		{EE4E0B95-98EB-47D6-88C6-019202CBCE9C}.Release|Any CPU.Build.0 = Release|Any CPU
		{BC44D6B4-E510-49EA-B55B-B058895FA319}.Debug|Any CPU.ActiveCfg = Debug|Any CPU
		{BC44D6B4-E510-49EA-B55B-B058895FA319}.Debug|Any CPU.Build.0 = Debug|Any CPU
		{BC44D6B4-E510-49EA-B55B-B058895FA319}.Release|Any CPU.ActiveCfg = Release|Any CPU
		{BC44D6B4-E510-49EA-B55B-B058895FA319}.Release|Any CPU.Build.0 = Release|Any CPU
		{D531C175-B556-4F38-BC02-001D5935731D}.Debug|Any CPU.ActiveCfg = Debug|Any CPU
		{D531C175-B556-4F38-BC02-001D5935731D}.Debug|Any CPU.Build.0 = Debug|Any CPU
		{D531C175-B556-4F38-BC02-001D5935731D}.Release|Any CPU.ActiveCfg = Release|Any CPU
		{D531C175-B556-4F38-BC02-001D5935731D}.Release|Any CPU.Build.0 = Release|Any CPU
		{CEEE3418-48D7-4175-A901-74EB89875175}.Debug|Any CPU.ActiveCfg = Debug|Any CPU
		{CEEE3418-48D7-4175-A901-74EB89875175}.Debug|Any CPU.Build.0 = Debug|Any CPU
		{CEEE3418-48D7-4175-A901-74EB89875175}.Release|Any CPU.ActiveCfg = Release|Any CPU
		{CEEE3418-48D7-4175-A901-74EB89875175}.Release|Any CPU.Build.0 = Release|Any CPU
		{6E5722C0-8D29-4AC4-A881-D9D2A756389C}.Debug|Any CPU.ActiveCfg = Debug|Any CPU
		{6E5722C0-8D29-4AC4-A881-D9D2A756389C}.Debug|Any CPU.Build.0 = Debug|Any CPU
		{6E5722C0-8D29-4AC4-A881-D9D2A756389C}.Release|Any CPU.ActiveCfg = Release|Any CPU
		{6E5722C0-8D29-4AC4-A881-D9D2A756389C}.Release|Any CPU.Build.0 = Release|Any CPU
		{B05C34DA-F1F0-496E-A56E-B9AEFFACF0C9}.Debug|Any CPU.ActiveCfg = Debug|Any CPU
		{B05C34DA-F1F0-496E-A56E-B9AEFFACF0C9}.Debug|Any CPU.Build.0 = Debug|Any CPU
		{B05C34DA-F1F0-496E-A56E-B9AEFFACF0C9}.Release|Any CPU.ActiveCfg = Release|Any CPU
		{B05C34DA-F1F0-496E-A56E-B9AEFFACF0C9}.Release|Any CPU.Build.0 = Release|Any CPU
		{D1CD055E-3F17-42FA-8947-2F368E5DD528}.Debug|Any CPU.ActiveCfg = Debug|Any CPU
		{D1CD055E-3F17-42FA-8947-2F368E5DD528}.Debug|Any CPU.Build.0 = Debug|Any CPU
		{D1CD055E-3F17-42FA-8947-2F368E5DD528}.Release|Any CPU.ActiveCfg = Release|Any CPU
		{D1CD055E-3F17-42FA-8947-2F368E5DD528}.Release|Any CPU.Build.0 = Release|Any CPU
		{6AD8AE99-48C9-4DBA-A4C6-EFB6D2A53BE8}.Debug|Any CPU.ActiveCfg = Debug|Any CPU
		{6AD8AE99-48C9-4DBA-A4C6-EFB6D2A53BE8}.Debug|Any CPU.Build.0 = Debug|Any CPU
		{6AD8AE99-48C9-4DBA-A4C6-EFB6D2A53BE8}.Release|Any CPU.ActiveCfg = Release|Any CPU
		{6AD8AE99-48C9-4DBA-A4C6-EFB6D2A53BE8}.Release|Any CPU.Build.0 = Release|Any CPU
		{3EC39F43-FFF4-49AD-A994-4D6D34D0E1B8}.Debug|Any CPU.ActiveCfg = Debug|Any CPU
		{3EC39F43-FFF4-49AD-A994-4D6D34D0E1B8}.Debug|Any CPU.Build.0 = Debug|Any CPU
		{3EC39F43-FFF4-49AD-A994-4D6D34D0E1B8}.Release|Any CPU.ActiveCfg = Release|Any CPU
		{3EC39F43-FFF4-49AD-A994-4D6D34D0E1B8}.Release|Any CPU.Build.0 = Release|Any CPU
	EndGlobalSection
	GlobalSection(SolutionProperties) = preSolution
		HideSolutionNode = FALSE
	EndGlobalSection
	GlobalSection(NestedProjects) = preSolution
		{EE4E0B95-98EB-47D6-88C6-019202CBCE9C} = {02EA681E-C7D8-13C7-8484-4AC65E1B71E8}
		{BC44D6B4-E510-49EA-B55B-B058895FA319} = {02EA681E-C7D8-13C7-8484-4AC65E1B71E8}
		{D531C175-B556-4F38-BC02-001D5935731D} = {02EA681E-C7D8-13C7-8484-4AC65E1B71E8}
		{CEEE3418-48D7-4175-A901-74EB89875175} = {8C92DBD9-D3E1-46DC-862C-73B48D655F77}
		{6E5722C0-8D29-4AC4-A881-D9D2A756389C} = {8C92DBD9-D3E1-46DC-862C-73B48D655F77}
		{B05C34DA-F1F0-496E-A56E-B9AEFFACF0C9} = {8C92DBD9-D3E1-46DC-862C-73B48D655F77}
		{D1CD055E-3F17-42FA-8947-2F368E5DD528} = {63311A9F-D717-4820-9C04-61DA04C9F16A}
		{6AD8AE99-48C9-4DBA-A4C6-EFB6D2A53BE8} = {63311A9F-D717-4820-9C04-61DA04C9F16A}
		{3EC39F43-FFF4-49AD-A994-4D6D34D0E1B8} = {63311A9F-D717-4820-9C04-61DA04C9F16A}
	EndGlobalSection
	GlobalSection(ExtensibilityGlobals) = postSolution
		SolutionGuid = {8F553FA9-52B2-449C-9739-35C00B5D246E}
	EndGlobalSection
EndGlobal
