
Microsoft Visual Studio Solution File, Format Version 12.00
# Visual Studio Version 17
VisualStudioVersion = 17.14.36414.22
MinimumVisualStudioVersion = 10.0.40219.1
Project("{2150E333-8FDC-42A3-9474-1A3956D46DE8}") = "Task0", "Task0", "{02EA681E-C7D8-13C7-8484-4AC65E1B71E8}"
EndProject
Project("{FAE04EC0-301F-11D3-BF4B-00C04F79EFBC}") = "Tyuiu.Kazhahmetov.Sprint5.Task0.V25", "Tyuiu.Kazhahmetov.Sprint5.Task0.V25\Tyuiu.Kazhahmetov.Sprint5.Task0.V25.csproj", "{EE4E0B95-98EB-47D6-88C6-019202CBCE9C}"
EndProject
Project("{FAE04EC0-301F-11D3-BF4B-00C04F79EFBC}") = "Tyuiu.Kazhahmetov.Sprint5.Task0.V25.Lib", "Tyuiu.Kazhahmetov.Sprint5.Task0.V25.Lib\Tyuiu.Kazhahmetov.Sprint5.Task0.V25.Lib.csproj", "{BC44D6B4-E510-49EA-B55B-B058895FA319}"
EndProject
Project("{FAE04EC0-301F-11D3-BF4B-00C04F79EFBC}") = "Tyuiu.Kazhahmetov.Sprint5.Task0.V25.Test", "Tyuiu.Kazhahmetov.Sprint5.Task0.V25.Test\Tyuiu.Kazhahmetov.Sprint5.Task0.V25.Test.csproj", "{D531C175-B556-4F38-BC02-001D5935731D}"
EndProject
Project("{2150E333-8FDC-42A3-9474-1A3956D46DE8}") = "Task1", "Task1", "{8C92DBD9-D3E1-46DC-862C-73B48D655F77}"
EndProject
Project("{FAE04EC0-301F-11D3-BF4B-00C04F79EFBC}") = "Tyuiu.Kazhahmetov.Sprint5.Task1.V16", "Tyuiu.Kazhahmetov.Sprint5.Task1.V16\Tyuiu.Kazhahmetov.Sprint5.Task1.V16.csproj", "{CEEE3418-48D7-4175-A901-74EB89875175}"
EndProject
Project("{FAE04EC0-301F-11D3-BF4B-00C04F79EFBC}") = "Tyuiu.Kazhahmetov.Sprint5.Task1.V16.Lib", "Tyuiu.Kazhahmetov.Sprint5.Task1.V16.Lib\Tyuiu.Kazhahmetov.Sprint5.Task1.V16.Lib.csproj", "{6E5722C0-8D29-4AC4-A881-D9D2A756389C}"
EndProject
Project("{FAE04EC0-301F-11D3-BF4B-00C04F79EFBC}") = "Tyuiu.Kazhahmetov.Sprint5.Task1.V16.Test", "Tyuiu.Kazhahmetov.Sprint5.Task1.V16.Test\Tyuiu.Kazhahmetov.Sprint5.Task1.V16.Test.csproj", "{B05C34DA-F1F0-496E-A56E-B9AEFFACF0C9}"
EndProject
Project("{2150E333-8FDC-42A3-9474-1A3956D46DE8}") = "Task2", "Task2", "{63311A9F-D717-4820-9C04-61DA04C9F16A}"
EndProject
Project("{FAE04EC0-301F-11D3-BF4B-00C04F79EFBC}") = "Tyuiu.Kazhahmetov.Sprint5.Task2.V5", "Tyuiu.Kazhahmetov.Sprint5.Task2.V5\Tyuiu.Kazhahmetov.Sprint5.Task2.V5.csproj", "{D1CD055E-3F17-42FA-8947-2F368E5DD528}"
EndProject
Project("{FAE04EC0-301F-11D3-BF4B-00C04F79EFBC}") = "Tyuiu.Kazhahmetov.Sprint5.Task2.V5.Lib", "Tyuiu.Kazhahmetov.Sprint5.Task2.V5.Lib\Tyuiu.Kazhahmetov.Sprint5.Task2.V5.Lib.csproj", "{6AD8AE99-48C9-4DBA-A4C6-EFB6D2A53BE8}"
EndProject
Project("{FAE04EC0-301F-11D3-BF4B-00C04F79EFBC}") = "Tyuiu.Kazhahmetov.Sprint5.Task2.V5.Test", "Tyuiu.Kazhahmetov.Sprint5.Task2.V5.Test\Tyuiu.Kazhahmetov.Sprint5.Task2.V5.Test.csproj", "{3EC39F43-FFF4-49AD-A994-4D6D34D0E1B8}"
EndProject
Project("{2150E333-8FDC-42A3-9474-1A3956D46DE8}") = "Task3", "Task3", "{06816C0E-2F50-491A-9DFF-CF66960E09D5}"
EndProject
Project("{FAE04EC0-301F-11D3-BF4B-00C04F79EFBC}") = "Tyuiu.Kazhahmetov.Sprint5.Task3.V30", "Tyuiu.Kazhahmetov.Sprint5.Task3.V30\Tyuiu.Kazhahmetov.Sprint5.Task3.V30.csproj", "{AAE2D3D5-4F02-4780-A1E4-0ADEF192748B}"
EndProject
Project("{FAE04EC0-301F-11D3-BF4B-00C04F79EFBC}") = "Tyuiu.Kazhahmetov.Sprint5.Task3.V30.Lib", "Tyuiu.Kazhahmetov.Sprint5.Task3.V30.Lib\Tyuiu.Kazhahmetov.Sprint5.Task3.V30.Lib.csproj", "{E6437A5F-07F0-4EBD-ABD9-852B003FE8EF}"
EndProject
Project("{FAE04EC0-301F-11D3-BF4B-00C04F79EFBC}") = "Tyuiu.Kazhahmetov.Sprint5.Task3.V30.Test", "Tyuiu.Kazhahmetov.Sprint5.Task3.V30.Test\Tyuiu.Kazhahmetov.Sprint5.Task3.V30.Test.csproj", "{55400E85-2468-47B7-9A2E-65F0D2C8B018}"
EndProject
Project("{2150E333-8FDC-42A3-9474-1A3956D46DE8}") = "Task4", "Task4", "{760094BE-4EF0-40EC-9A60-91B1775BE2CC}"
EndProject
Project("{FAE04EC0-301F-11D3-BF4B-00C04F79EFBC}") = "Tyuiu.Kazhahmetov.Sprint5.Task4.V23", "Tyuiu.Kazhahmetov.Sprint5.Task4.V23\Tyuiu.Kazhahmetov.Sprint5.Task4.V23.csproj", "{BE16A3EA-1AF7-47E8-B77E-F7AEFCD0BF12}"
EndProject
Project("{FAE04EC0-301F-11D3-BF4B-00C04F79EFBC}") = "Tyuiu.Kazhahmetov.Sprint5.Task4.V23.Lib", "Tyuiu.Kazhahmetov.Sprint5.Task4.V23.Lib\Tyuiu.Kazhahmetov.Sprint5.Task4.V23.Lib.csproj", "{FB7F118D-484B-450A-A12B-5BE15164C819}"
EndProject
Project("{FAE04EC0-301F-11D3-BF4B-00C04F79EFBC}") = "Tyuiu.Kazhahmetov.Sprint5.Task4.V23.Test", "Tyuiu.Kazhahmetov.Sprint5.Task4.V23.Test\Tyuiu.Kazhahmetov.Sprint5.Task4.V23.Test.csproj", "{B96353EA-37E7-4F51-AC43-1802D3996F50}"
EndProject
Project("{2150E333-8FDC-42A3-9474-1A3956D46DE8}") = "Task5", "Task5", "{93622955-AF73-454D-AF68-FF6C9FD0FCFD}"
EndProject
Project("{FAE04EC0-301F-11D3-BF4B-00C04F79EFBC}") = "Tyuiu.Kazhahmetov.Sprint5.Task5.V9", "Tyuiu.Kazhahmetov.Sprint5.Task5.V9\Tyuiu.Kazhahmetov.Sprint5.Task5.V9.csproj", "{32034A00-2A8C-4BAF-BE3B-46DEE209A720}"
EndProject
Project("{FAE04EC0-301F-11D3-BF4B-00C04F79EFBC}") = "Tyuiu.Kazhahmetov.Sprint5.Task5.V9.Lib", "Tyuiu.Kazhahmetov.Sprint5.Task5.V9.Lib\Tyuiu.Kazhahmetov.Sprint5.Task5.V9.Lib.csproj", "{949CEFF5-D37F-4226-A498-9DF74BDF40E4}"
EndProject
Project("{FAE04EC0-301F-11D3-BF4B-00C04F79EFBC}") = "Tyuiu.Kazhahmetov.Sprint5.Task5.V9.Test", "Tyuiu.Kazhahmetov.Sprint5.Task5.V9.Test\Tyuiu.Kazhahmetov.Sprint5.Task5.V9.Test.csproj", "{98E74F7F-37E4-4533-A2E0-47F1E97814BB}"
EndProject
Project("{2150E333-8FDC-42A3-9474-1A3956D46DE8}") = "Task6", "Task6", "{E73FF222-4D74-42C9-9005-668E1C254561}"
EndProject
Project("{FAE04EC0-301F-11D3-BF4B-00C04F79EFBC}") = "Tyuiu.Kazhahmetov.Sprint5.Task6.V27", "Tyuiu.Kazhahmetov.Sprint5.Task6.V27\Tyuiu.Kazhahmetov.Sprint5.Task6.V27.csproj", "{4DAE0D3F-095D-45E3-B8EC-DFC868B3560A}"
EndProject
Project("{FAE04EC0-301F-11D3-BF4B-00C04F79EFBC}") = "Tyuiu.Kazhahmetov.Sprint5.Task6.V27.Lib", "Tyuiu.Kazhahmetov.Sprint5.Task6.V27.Lib\Tyuiu.Kazhahmetov.Sprint5.Task6.V27.Lib.csproj", "{41BD55D1-5917-4B68-A993-251CCDB22C38}"
EndProject
Project("{FAE04EC0-301F-11D3-BF4B-00C04F79EFBC}") = "Tyuiu.Kazhahmetov.Sprint5.Task6.V27.Test", "Tyuiu.Kazhahmetov.Sprint5.Task6.V27.Test\Tyuiu.Kazhahmetov.Sprint5.Task6.V27.Test.csproj", "{138279FE-AD2F-48D8-97AF-6C027AA05301}"
EndProject
Global
	GlobalSection(SolutionConfigurationPlatforms) = preSolution
		Debug|Any CPU = Debug|Any CPU
		Release|Any CPU = Release|Any CPU
	EndGlobalSection
	GlobalSection(ProjectConfigurationPlatforms) = postSolution
		{EE4E0B95-98EB-47D6-88C6-019202CBCE9C}.Debug|Any CPU.ActiveCfg = Debug|Any CPU
		{EE4E0B95-98EB-47D6-88C6-019202CBCE9C}.Debug|Any CPU.Build.0 = Debug|Any CPU
		{EE4E0B95-98EB-47D6-88C6-019202CBCE9C}.Release|Any CPU.ActiveCfg = Release|Any CPU
		{EE4E0B95-98EB-47D6-88C6-019202CBCE9C}.Release|Any CPU.Build.0 = Release|Any CPU
		{BC44D6B4-E510-49EA-B55B-B058895FA319}.Debug|Any CPU.ActiveCfg = Debug|Any CPU
		{BC44D6B4-E510-49EA-B55B-B058895FA319}.Debug|Any CPU.Build.0 = Debug|Any CPU
		{BC44D6B4-E510-49EA-B55B-B058895FA319}.Release|Any CPU.ActiveCfg = Release|Any CPU
		{BC44D6B4-E510-49EA-B55B-B058895FA319}.Release|Any CPU.Build.0 = Release|Any CPU
		{D531C175-B556-4F38-BC02-001D5935731D}.Debug|Any CPU.ActiveCfg = Debug|Any CPU
		{D531C175-B556-4F38-BC02-001D5935731D}.Debug|Any CPU.Build.0 = Debug|Any CPU
		{D531C175-B556-4F38-BC02-001D5935731D}.Release|Any CPU.ActiveCfg = Release|Any CPU
		{D531C175-B556-4F38-BC02-001D5935731D}.Release|Any CPU.Build.0 = Release|Any CPU
		{CEEE3418-48D7-4175-A901-74EB89875175}.Debug|Any CPU.ActiveCfg = Debug|Any CPU
		{CEEE3418-48D7-4175-A901-74EB89875175}.Debug|Any CPU.Build.0 = Debug|Any CPU
		{CEEE3418-48D7-4175-A901-74EB89875175}.Release|Any CPU.ActiveCfg = Release|Any CPU
		{CEEE3418-48D7-4175-A901-74EB89875175}.Release|Any CPU.Build.0 = Release|Any CPU
		{6E5722C0-8D29-4AC4-A881-D9D2A756389C}.Debug|Any CPU.ActiveCfg = Debug|Any CPU
		{6E5722C0-8D29-4AC4-A881-D9D2A756389C}.Debug|Any CPU.Build.0 = Debug|Any CPU
		{6E5722C0-8D29-4AC4-A881-D9D2A756389C}.Release|Any CPU.ActiveCfg = Release|Any CPU
		{6E5722C0-8D29-4AC4-A881-D9D2A756389C}.Release|Any CPU.Build.0 = Release|Any CPU
		{B05C34DA-F1F0-496E-A56E-B9AEFFACF0C9}.Debug|Any CPU.ActiveCfg = Debug|Any CPU
		{B05C34DA-F1F0-496E-A56E-B9AEFFACF0C9}.Debug|Any CPU.Build.0 = Debug|Any CPU
		{B05C34DA-F1F0-496E-A56E-B9AEFFACF0C9}.Release|Any CPU.ActiveCfg = Release|Any CPU
		{B05C34DA-F1F0-496E-A56E-B9AEFFACF0C9}.Release|Any CPU.Build.0 = Release|Any CPU
		{D1CD055E-3F17-42FA-8947-2F368E5DD528}.Debug|Any CPU.ActiveCfg = Debug|Any CPU
		{D1CD055E-3F17-42FA-8947-2F368E5DD528}.Debug|Any CPU.Build.0 = Debug|Any CPU
		{D1CD055E-3F17-42FA-8947-2F368E5DD528}.Release|Any CPU.ActiveCfg = Release|Any CPU
		{D1CD055E-3F17-42FA-8947-2F368E5DD528}.Release|Any CPU.Build.0 = Release|Any CPU
		{6AD8AE99-48C9-4DBA-A4C6-EFB6D2A53BE8}.Debug|Any CPU.ActiveCfg = Debug|Any CPU
		{6AD8AE99-48C9-4DBA-A4C6-EFB6D2A53BE8}.Debug|Any CPU.Build.0 = Debug|Any CPU
		{6AD8AE99-48C9-4DBA-A4C6-EFB6D2A53BE8}.Release|Any CPU.ActiveCfg = Release|Any CPU
		{6AD8AE99-48C9-4DBA-A4C6-EFB6D2A53BE8}.Release|Any CPU.Build.0 = Release|Any CPU
		{3EC39F43-FFF4-49AD-A994-4D6D34D0E1B8}.Debug|Any CPU.ActiveCfg = Debug|Any CPU
		{3EC39F43-FFF4-49AD-A994-4D6D34D0E1B8}.Debug|Any CPU.Build.0 = Debug|Any CPU
		{3EC39F43-FFF4-49AD-A994-4D6D34D0E1B8}.Release|Any CPU.ActiveCfg = Release|Any CPU
		{3EC39F43-FFF4-49AD-A994-4D6D34D0E1B8}.Release|Any CPU.Build.0 = Release|Any CPU
		{AAE2D3D5-4F02-4780-A1E4-0ADEF192748B}.Debug|Any CPU.ActiveCfg = Debug|Any CPU
		{AAE2D3D5-4F02-4780-A1E4-0ADEF192748B}.Debug|Any CPU.Build.0 = Debug|Any CPU
		{AAE2D3D5-4F02-4780-A1E4-0ADEF192748B}.Release|Any CPU.ActiveCfg = Release|Any CPU
		{AAE2D3D5-4F02-4780-A1E4-0ADEF192748B}.Release|Any CPU.Build.0 = Release|Any CPU
		{E6437A5F-07F0-4EBD-ABD9-852B003FE8EF}.Debug|Any CPU.ActiveCfg = Debug|Any CPU
		{E6437A5F-07F0-4EBD-ABD9-852B003FE8EF}.Debug|Any CPU.Build.0 = Debug|Any CPU
		{E6437A5F-07F0-4EBD-ABD9-852B003FE8EF}.Release|Any CPU.ActiveCfg = Release|Any CPU
		{E6437A5F-07F0-4EBD-ABD9-852B003FE8EF}.Release|Any CPU.Build.0 = Release|Any CPU
		{55400E85-2468-47B7-9A2E-65F0D2C8B018}.Debug|Any CPU.ActiveCfg = Debug|Any CPU
		{55400E85-2468-47B7-9A2E-65F0D2C8B018}.Debug|Any CPU.Build.0 = Debug|Any CPU
		{55400E85-2468-47B7-9A2E-65F0D2C8B018}.Release|Any CPU.ActiveCfg = Release|Any CPU
		{55400E85-2468-47B7-9A2E-65F0D2C8B018}.Release|Any CPU.Build.0 = Release|Any CPU
		{BE16A3EA-1AF7-47E8-B77E-F7AEFCD0BF12}.Debug|Any CPU.ActiveCfg = Debug|Any CPU
		{BE16A3EA-1AF7-47E8-B77E-F7AEFCD0BF12}.Debug|Any CPU.Build.0 = Debug|Any CPU
		{BE16A3EA-1AF7-47E8-B77E-F7AEFCD0BF12}.Release|Any CPU.ActiveCfg = Release|Any CPU
		{BE16A3EA-1AF7-47E8-B77E-F7AEFCD0BF12}.Release|Any CPU.Build.0 = Release|Any CPU
		{FB7F118D-484B-450A-A12B-5BE15164C819}.Debug|Any CPU.ActiveCfg = Debug|Any CPU
		{FB7F118D-484B-450A-A12B-5BE15164C819}.Debug|Any CPU.Build.0 = Debug|Any CPU
		{FB7F118D-484B-450A-A12B-5BE15164C819}.Release|Any CPU.ActiveCfg = Release|Any CPU
		{FB7F118D-484B-450A-A12B-5BE15164C819}.Release|Any CPU.Build.0 = Release|Any CPU
		{B96353EA-37E7-4F51-AC43-1802D3996F50}.Debug|Any CPU.ActiveCfg = Debug|Any CPU
		{B96353EA-37E7-4F51-AC43-1802D3996F50}.Debug|Any CPU.Build.0 = Debug|Any CPU
		{B96353EA-37E7-4F51-AC43-1802D3996F50}.Release|Any CPU.ActiveCfg = Release|Any CPU
		{B96353EA-37E7-4F51-AC43-1802D3996F50}.Release|Any CPU.Build.0 = Release|Any CPU
		{32034A00-2A8C-4BAF-BE3B-46DEE209A720}.Debug|Any CPU.ActiveCfg = Debug|Any CPU
		{32034A00-2A8C-4BAF-BE3B-46DEE209A720}.Debug|Any CPU.Build.0 = Debug|Any CPU
		{32034A00-2A8C-4BAF-BE3B-46DEE209A720}.Release|Any CPU.ActiveCfg = Release|Any CPU
		{32034A00-2A8C-4BAF-BE3B-46DEE209A720}.Release|Any CPU.Build.0 = Release|Any CPU
		{949CEFF5-D37F-4226-A498-9DF74BDF40E4}.Debug|Any CPU.ActiveCfg = Debug|Any CPU
		{949CEFF5-D37F-4226-A498-9DF74BDF40E4}.Debug|Any CPU.Build.0 = Debug|Any CPU
		{949CEFF5-D37F-4226-A498-9DF74BDF40E4}.Release|Any CPU.ActiveCfg = Release|Any CPU
		{949CEFF5-D37F-4226-A498-9DF74BDF40E4}.Release|Any CPU.Build.0 = Release|Any CPU
		{98E74F7F-37E4-4533-A2E0-47F1E97814BB}.Debug|Any CPU.ActiveCfg = Debug|Any CPU
		{98E74F7F-37E4-4533-A2E0-47F1E97814BB}.Debug|Any CPU.Build.0 = Debug|Any CPU
		{98E74F7F-37E4-4533-A2E0-47F1E97814BB}.Release|Any CPU.ActiveCfg = Release|Any CPU
		{98E74F7F-37E4-4533-A2E0-47F1E97814BB}.Release|Any CPU.Build.0 = Release|Any CPU
		{4DAE0D3F-095D-45E3-B8EC-DFC868B3560A}.Debug|Any CPU.ActiveCfg = Debug|Any CPU
		{4DAE0D3F-095D-45E3-B8EC-DFC868B3560A}.Debug|Any CPU.Build.0 = Debug|Any CPU
		{4DAE0D3F-095D-45E3-B8EC-DFC868B3560A}.Release|Any CPU.ActiveCfg = Release|Any CPU
		{4DAE0D3F-095D-45E3-B8EC-DFC868B3560A}.Release|Any CPU.Build.0 = Release|Any CPU
		{41BD55D1-5917-4B68-A993-251CCDB22C38}.Debug|Any CPU.ActiveCfg = Debug|Any CPU
		{41BD55D1-5917-4B68-A993-251CCDB22C38}.Debug|Any CPU.Build.0 = Debug|Any CPU
		{41BD55D1-5917-4B68-A993-251CCDB22C38}.Release|Any CPU.ActiveCfg = Release|Any CPU
		{41BD55D1-5917-4B68-A993-251CCDB22C38}.Release|Any CPU.Build.0 = Release|Any CPU
		{138279FE-AD2F-48D8-97AF-6C027AA05301}.Debug|Any CPU.ActiveCfg = Debug|Any CPU
		{138279FE-AD2F-48D8-97AF-6C027AA05301}.Debug|Any CPU.Build.0 = Debug|Any CPU
		{138279FE-AD2F-48D8-97AF-6C027AA05301}.Release|Any CPU.ActiveCfg = Release|Any CPU
		{138279FE-AD2F-48D8-97AF-6C027AA05301}.Release|Any CPU.Build.0 = Release|Any CPU
	EndGlobalSection
	GlobalSection(SolutionProperties) = preSolution
		HideSolutionNode = FALSE
	EndGlobalSection
	GlobalSection(NestedProjects) = preSolution
		{EE4E0B95-98EB-47D6-88C6-019202CBCE9C} = {02EA681E-C7D8-13C7-8484-4AC65E1B71E8}
		{BC44D6B4-E510-49EA-B55B-B058895FA319} = {02EA681E-C7D8-13C7-8484-4AC65E1B71E8}
		{D531C175-B556-4F38-BC02-001D5935731D} = {02EA681E-C7D8-13C7-8484-4AC65E1B71E8}
		{CEEE3418-48D7-4175-A901-74EB89875175} = {8C92DBD9-D3E1-46DC-862C-73B48D655F77}
		{6E5722C0-8D29-4AC4-A881-D9D2A756389C} = {8C92DBD9-D3E1-46DC-862C-73B48D655F77}
		{B05C34DA-F1F0-496E-A56E-B9AEFFACF0C9} = {8C92DBD9-D3E1-46DC-862C-73B48D655F77}
		{D1CD055E-3F17-42FA-8947-2F368E5DD528} = {63311A9F-D717-4820-9C04-61DA04C9F16A}
		{6AD8AE99-48C9-4DBA-A4C6-EFB6D2A53BE8} = {63311A9F-D717-4820-9C04-61DA04C9F16A}
		{3EC39F43-FFF4-49AD-A994-4D6D34D0E1B8} = {63311A9F-D717-4820-9C04-61DA04C9F16A}
		{AAE2D3D5-4F02-4780-A1E4-0ADEF192748B} = {06816C0E-2F50-491A-9DFF-CF66960E09D5}
		{E6437A5F-07F0-4EBD-ABD9-852B003FE8EF} = {06816C0E-2F50-491A-9DFF-CF66960E09D5}
		{55400E85-2468-47B7-9A2E-65F0D2C8B018} = {06816C0E-2F50-491A-9DFF-CF66960E09D5}
		{BE16A3EA-1AF7-47E8-B77E-F7AEFCD0BF12} = {760094BE-4EF0-40EC-9A60-91B1775BE2CC}
		{FB7F118D-484B-450A-A12B-5BE15164C819} = {760094BE-4EF0-40EC-9A60-91B1775BE2CC}
		{B96353EA-37E7-4F51-AC43-1802D3996F50} = {760094BE-4EF0-40EC-9A60-91B1775BE2CC}
		{32034A00-2A8C-4BAF-BE3B-46DEE209A720} = {93622955-AF73-454D-AF68-FF6C9FD0FCFD}
		{949CEFF5-D37F-4226-A498-9DF74BDF40E4} = {93622955-AF73-454D-AF68-FF6C9FD0FCFD}
		{98E74F7F-37E4-4533-A2E0-47F1E97814BB} = {93622955-AF73-454D-AF68-FF6C9FD0FCFD}
		{4DAE0D3F-095D-45E3-B8EC-DFC868B3560A} = {E73FF222-4D74-42C9-9005-668E1C254561}
		{41BD55D1-5917-4B68-A993-251CCDB22C38} = {E73FF222-4D74-42C9-9005-668E1C254561}
		{138279FE-AD2F-48D8-97AF-6C027AA05301} = {E73FF222-4D74-42C9-9005-668E1C254561}
	EndGlobalSection
	GlobalSection(ExtensibilityGlobals) = postSolution
		SolutionGuid = {8F553FA9-52B2-449C-9739-35C00B5D246E}
	EndGlobalSection
EndGlobal
